
Microsoft Visual Studio Solution File, Format Version 12.00
# Visual Studio 15
VisualStudioVersion = 15.0.27703.2042
MinimumVisualStudioVersion = 10.0.40219.1
Project("{FAE04EC0-301F-11D3-BF4B-00C04F79EFBC}") = "mailSystem", "mailSystem\mailSystem.csproj", "{71B05D53-0ABD-449A-9A7B-649BE74D4A17}"
EndProject
Global
	GlobalSection(SolutionConfigurationPlatforms) = preSolution
		Debug|Any CPU = Debug|Any CPU
		Release|Any CPU = Release|Any CPU
	EndGlobalSection
	GlobalSection(ProjectConfigurationPlatforms) = postSolution
		{71B05D53-0ABD-449A-9A7B-649BE74D4A17}.Debug|Any CPU.ActiveCfg = Debug|Any CPU
		{71B05D53-0ABD-449A-9A7B-649BE74D4A17}.Debug|Any CPU.Build.0 = Debug|Any CPU
		{71B05D53-0ABD-449A-9A7B-649BE74D4A17}.Release|Any CPU.ActiveCfg = Release|Any CPU
		{71B05D53-0ABD-449A-9A7B-649BE74D4A17}.Release|Any CPU.Build.0 = Release|Any CPU
	EndGlobalSection
	GlobalSection(SolutionProperties) = preSolution
		HideSolutionNode = FALSE
	EndGlobalSection
	GlobalSection(ExtensibilityGlobals) = postSolution
		SolutionGuid = {CA42720D-1338-4C9A-9EA3-F24F8F681B45}
	EndGlobalSection
EndGlobal
